{
  "version": 4,
  "terraform_version": "1.6.1",
  "serial": 329,
  "lineage": "273fa719-9dc5-0ba3-3d4e-ddcac8d781bd",
  "outputs": {
    "alb_dns_name": {
      "value": "A4LWORDPRESSALB-882074042.us-east-1.elb.amazonaws.com",
      "type": "string"
    },
    "asg_name": {
      "value": "A4LWORDPRESSASG",
      "type": "string"
    },
    "efs_file_system_id": {
      "value": "fs-020a1e0f8ac49de05",
      "type": "string"
    },
    "rds_endpoint": {
      "value": "a4lwordpress.c8f6q6cimu62.us-east-1.rds.amazonaws.com",
      "type": "string"
    },
    "wordpress_url": {
      "value": "http://A4LWORDPRESSALB-882074042.us-east-1.elb.amazonaws.com",
      "type": "string"
    }
  },
  "resources": [
    {
      "mode": "data",
      "type": "aws_availability_zones",
      "name": "available",
      "provider": "provider[\"registry.terraform.io/hashicorp/aws\"]",
      "instances": [
        {
          "schema_version": 0,
          "attributes": {
            "all_availability_zones": null,
            "exclude_names": null,
            "exclude_zone_ids": null,
            "filter": null,
            "group_names": [
              "us-east-1-zg-1"
            ],
            "id": "us-east-1",
            "names": [
              "us-east-1a",
              "us-east-1b",
              "us-east-1c",
              "us-east-1d",
              "us-east-1e",
              "us-east-1f"
            ],
            "state": "available",
            "timeouts": null,
            "zone_ids": [
              "use1-az4",
              "use1-az6",
              "use1-az1",
              "use1-az2",
              "use1-az3",
              "use1-az5"
            ]
          },
          "sensitive_attributes": []
        }
      ]
    },
    {
      "mode": "managed",
      "type": "aws_autoscaling_group",
      "name": "wordpress_asg",
      "provider": "provider[\"registry.terraform.io/hashicorp/aws\"]",
      "instances": [
        {
          "schema_version": 1,
          "attributes": {
            "arn": "arn:aws:autoscaling:us-east-1:633620335195:autoScalingGroup:865fae6a-c926-4bdf-9925-8e3a6a101f90:autoScalingGroupName/A4LWORDPRESSASG",
            "availability_zone_distribution": [
              {
                "capacity_distribution_strategy": "balanced-best-effort"
              }
            ],
            "availability_zones": [
              "us-east-1a",
              "us-east-1b",
              "us-east-1c"
            ],
            "capacity_rebalance": false,
            "capacity_reservation_specification": [
              {
                "capacity_reservation_preference": "default",
                "capacity_reservation_target": []
              }
            ],
            "context": "",
            "default_cooldown": 300,
            "default_instance_warmup": 0,
            "desired_capacity": 1,
            "desired_capacity_type": "",
            "enabled_metrics": null,
            "force_delete": false,
            "force_delete_warm_pool": false,
            "health_check_grace_period": 600,
            "health_check_type": "ELB",
            "id": "A4LWORDPRESSASG",
            "ignore_failed_scaling_activities": false,
            "initial_lifecycle_hook": [],
            "instance_maintenance_policy": [],
            "instance_refresh": [],
            "launch_configuration": "",
            "launch_template": [
              {
                "id": "lt-05b86c94937bbca25",
                "name": "Wordpress",
                "version": "$Latest"
              }
            ],
            "load_balancers": [],
            "max_instance_lifetime": 0,
            "max_size": 3,
            "metrics_granularity": "1Minute",
            "min_elb_capacity": null,
            "min_size": 1,
            "mixed_instances_policy": [],
            "name": "A4LWORDPRESSASG",
            "name_prefix": "",
            "placement_group": "",
            "predicted_capacity": 0,
            "protect_from_scale_in": false,
            "service_linked_role_arn": "arn:aws:iam::633620335195:role/aws-service-role/autoscaling.amazonaws.com/AWSServiceRoleForAutoScaling",
            "suspended_processes": null,
            "tag": [
              {
                "key": "Name",
                "propagate_at_launch": true,
                "value": "Wordpress-ASG"
              }
            ],
            "target_group_arns": [
              "arn:aws:elasticloadbalancing:us-east-1:633620335195:targetgroup/A4LWORDPRESSALBTG/70b6aef48e30b467"
            ],
            "termination_policies": null,
            "timeouts": null,
            "traffic_source": [
              {
                "identifier": "arn:aws:elasticloadbalancing:us-east-1:633620335195:targetgroup/A4LWORDPRESSALBTG/70b6aef48e30b467",
                "type": "elbv2"
              }
            ],
            "vpc_zone_identifier": [
              "subnet-09542c9c91b34f849",
              "subnet-0ca8c3a6d1cd30230",
              "subnet-0f95af12edb23fef3"
            ],
            "wait_for_capacity_timeout": "10m",
            "wait_for_elb_capacity": null,
            "warm_pool": [],
            "warm_pool_size": 0
          },
          "sensitive_attributes": [],
          "private": "eyJlMmJmYjczMC1lY2FhLTExZTYtOGY4OC0zNDM2M2JjN2M0YzAiOnsiZGVsZXRlIjo2MDAwMDAwMDAwMDAsInVwZGF0ZSI6NjAwMDAwMDAwMDAwfSwic2NoZW1hX3ZlcnNpb24iOiIxIn0=",
          "dependencies": [
            "aws_db_instance.wordpress_db",
            "aws_db_subnet_group.wordpress_db_subnet_group",
            "aws_efs_file_system.a4l_wordpress_content",
            "aws_efs_mount_target.efs_mount_a",
            "aws_efs_mount_target.efs_mount_b",
            "aws_efs_mount_target.efs_mount_c",
            "aws_iam_instance_profile.wordpress_instance_profile",
            "aws_iam_role.wordpress_role",
            "aws_launch_template.wordpress_lt",
            "aws_lb.a4l_wordpress_alb",
            "aws_lb_listener.http",
            "aws_lb_target_group.a4l_wordpress_albtg",
            "aws_security_group.sg_database",
            "aws_security_group.sg_efs",
            "aws_security_group.sg_load_balancer",
            "aws_security_group.sg_wordpress",
            "aws_ssm_parameter.alb_dns_name",
            "aws_ssm_parameter.db_endpoint",
            "aws_ssm_parameter.db_name",
            "aws_ssm_parameter.db_password",
            "aws_ssm_parameter.db_user",
            "aws_ssm_parameter.file_system_id",
            "aws_subnet.sn_app_a",
            "aws_subnet.sn_app_b",
            "aws_subnet.sn_app_c",
            "aws_subnet.sn_db_a",
            "aws_subnet.sn_db_b",
            "aws_subnet.sn_db_c",
            "aws_subnet.sn_pub_a",
            "aws_subnet.sn_pub_b",
            "aws_subnet.sn_pub_c",
            "aws_vpc.a4l_vpc",
            "data.aws_availability_zones.available"
          ]
        }
      ]
    },
    {
      "mode": "managed",
      "type": "aws_autoscaling_policy",
      "name": "scale_in",
      "provider": "provider[\"registry.terraform.io/hashicorp/aws\"]",
      "instances": [
        {
          "schema_version": 0,
          "attributes": {
            "adjustment_type": "ChangeInCapacity",
            "arn": "arn:aws:autoscaling:us-east-1:633620335195:scalingPolicy:d95190b1-d08f-4125-83c2-daa29078f68a:autoScalingGroupName/A4LWORDPRESSASG:policyName/LOWCPU",
            "autoscaling_group_name": "A4LWORDPRESSASG",
            "cooldown": 300,
            "enabled": true,
            "estimated_instance_warmup": 0,
            "id": "LOWCPU",
            "metric_aggregation_type": "",
            "min_adjustment_magnitude": 0,
            "name": "LOWCPU",
            "policy_type": "SimpleScaling",
            "predictive_scaling_configuration": [],
            "scaling_adjustment": -1,
            "step_adjustment": [],
            "target_tracking_configuration": []
          },
          "sensitive_attributes": [],
          "private": "bnVsbA==",
          "dependencies": [
            "aws_autoscaling_group.wordpress_asg",
            "aws_db_instance.wordpress_db",
            "aws_db_subnet_group.wordpress_db_subnet_group",
            "aws_efs_file_system.a4l_wordpress_content",
            "aws_efs_mount_target.efs_mount_a",
            "aws_efs_mount_target.efs_mount_b",
            "aws_efs_mount_target.efs_mount_c",
            "aws_iam_instance_profile.wordpress_instance_profile",
            "aws_iam_role.wordpress_role",
            "aws_launch_template.wordpress_lt",
            "aws_lb.a4l_wordpress_alb",
            "aws_lb_listener.http",
            "aws_lb_target_group.a4l_wordpress_albtg",
            "aws_security_group.sg_database",
            "aws_security_group.sg_efs",
            "aws_security_group.sg_load_balancer",
            "aws_security_group.sg_wordpress",
            "aws_ssm_parameter.alb_dns_name",
            "aws_ssm_parameter.db_endpoint",
            "aws_ssm_parameter.db_name",
            "aws_ssm_parameter.db_password",
            "aws_ssm_parameter.db_user",
            "aws_ssm_parameter.file_system_id",
            "aws_subnet.sn_app_a",
            "aws_subnet.sn_app_b",
            "aws_subnet.sn_app_c",
            "aws_subnet.sn_db_a",
            "aws_subnet.sn_db_b",
            "aws_subnet.sn_db_c",
            "aws_subnet.sn_pub_a",
            "aws_subnet.sn_pub_b",
            "aws_subnet.sn_pub_c",
            "aws_vpc.a4l_vpc",
            "data.aws_availability_zones.available"
          ]
        }
      ]
    },
    {
      "mode": "managed",
      "type": "aws_autoscaling_policy",
      "name": "scale_out",
      "provider": "provider[\"registry.terraform.io/hashicorp/aws\"]",
      "instances": [
        {
          "schema_version": 0,
          "attributes": {
            "adjustment_type": "ChangeInCapacity",
            "arn": "arn:aws:autoscaling:us-east-1:633620335195:scalingPolicy:1460f576-7210-4ea5-892a-3b44b7675d6c:autoScalingGroupName/A4LWORDPRESSASG:policyName/HIGHCPU",
            "autoscaling_group_name": "A4LWORDPRESSASG",
            "cooldown": 300,
            "enabled": true,
            "estimated_instance_warmup": 0,
            "id": "HIGHCPU",
            "metric_aggregation_type": "",
            "min_adjustment_magnitude": 0,
            "name": "HIGHCPU",
            "policy_type": "SimpleScaling",
            "predictive_scaling_configuration": [],
            "scaling_adjustment": 1,
            "step_adjustment": [],
            "target_tracking_configuration": []
          },
          "sensitive_attributes": [],
          "private": "bnVsbA==",
          "dependencies": [
            "aws_autoscaling_group.wordpress_asg",
            "aws_db_instance.wordpress_db",
            "aws_db_subnet_group.wordpress_db_subnet_group",
            "aws_efs_file_system.a4l_wordpress_content",
            "aws_efs_mount_target.efs_mount_a",
            "aws_efs_mount_target.efs_mount_b",
            "aws_efs_mount_target.efs_mount_c",
            "aws_iam_instance_profile.wordpress_instance_profile",
            "aws_iam_role.wordpress_role",
            "aws_launch_template.wordpress_lt",
            "aws_lb.a4l_wordpress_alb",
            "aws_lb_listener.http",
            "aws_lb_target_group.a4l_wordpress_albtg",
            "aws_security_group.sg_database",
            "aws_security_group.sg_efs",
            "aws_security_group.sg_load_balancer",
            "aws_security_group.sg_wordpress",
            "aws_ssm_parameter.alb_dns_name",
            "aws_ssm_parameter.db_endpoint",
            "aws_ssm_parameter.db_name",
            "aws_ssm_parameter.db_password",
            "aws_ssm_parameter.db_user",
            "aws_ssm_parameter.file_system_id",
            "aws_subnet.sn_app_a",
            "aws_subnet.sn_app_b",
            "aws_subnet.sn_app_c",
            "aws_subnet.sn_db_a",
            "aws_subnet.sn_db_b",
            "aws_subnet.sn_db_c",
            "aws_subnet.sn_pub_a",
            "aws_subnet.sn_pub_b",
            "aws_subnet.sn_pub_c",
            "aws_vpc.a4l_vpc",
            "data.aws_availability_zones.available"
          ]
        }
      ]
    },
    {
      "mode": "managed",
      "type": "aws_cloudwatch_metric_alarm",
      "name": "high_cpu",
      "provider": "provider[\"registry.terraform.io/hashicorp/aws\"]",
      "instances": [
        {
          "schema_version": 1,
          "attributes": {
            "actions_enabled": true,
            "alarm_actions": [
              "arn:aws:autoscaling:us-east-1:633620335195:scalingPolicy:1460f576-7210-4ea5-892a-3b44b7675d6c:autoScalingGroupName/A4LWORDPRESSASG:policyName/HIGHCPU"
            ],
            "alarm_description": "",
            "alarm_name": "WordpressHIGHCPU",
            "arn": "arn:aws:cloudwatch:us-east-1:633620335195:alarm:WordpressHIGHCPU",
            "comparison_operator": "GreaterThanThreshold",
            "datapoints_to_alarm": 0,
            "dimensions": {
              "AutoScalingGroupName": "A4LWORDPRESSASG"
            },
            "evaluate_low_sample_count_percentiles": "",
            "evaluation_periods": 2,
            "extended_statistic": "",
            "id": "WordpressHIGHCPU",
            "insufficient_data_actions": null,
            "metric_name": "CPUUtilization",
            "metric_query": [],
            "namespace": "AWS/EC2",
            "ok_actions": null,
            "period": 60,
            "statistic": "Average",
            "tags": null,
            "tags_all": {},
            "threshold": 40,
            "threshold_metric_id": "",
            "treat_missing_data": "missing",
            "unit": ""
          },
          "sensitive_attributes": [],
          "private": "eyJzY2hlbWFfdmVyc2lvbiI6IjEifQ==",
          "dependencies": [
            "aws_autoscaling_group.wordpress_asg",
            "aws_autoscaling_policy.scale_out",
            "aws_db_instance.wordpress_db",
            "aws_db_subnet_group.wordpress_db_subnet_group",
            "aws_efs_file_system.a4l_wordpress_content",
            "aws_efs_mount_target.efs_mount_a",
            "aws_efs_mount_target.efs_mount_b",
            "aws_efs_mount_target.efs_mount_c",
            "aws_iam_instance_profile.wordpress_instance_profile",
            "aws_iam_role.wordpress_role",
            "aws_launch_template.wordpress_lt",
            "aws_lb.a4l_wordpress_alb",
            "aws_lb_listener.http",
            "aws_lb_target_group.a4l_wordpress_albtg",
            "aws_security_group.sg_database",
            "aws_security_group.sg_efs",
            "aws_security_group.sg_load_balancer",
            "aws_security_group.sg_wordpress",
            "aws_ssm_parameter.alb_dns_name",
            "aws_ssm_parameter.db_endpoint",
            "aws_ssm_parameter.db_name",
            "aws_ssm_parameter.db_password",
            "aws_ssm_parameter.db_user",
            "aws_ssm_parameter.file_system_id",
            "aws_subnet.sn_app_a",
            "aws_subnet.sn_app_b",
            "aws_subnet.sn_app_c",
            "aws_subnet.sn_db_a",
            "aws_subnet.sn_db_b",
            "aws_subnet.sn_db_c",
            "aws_subnet.sn_pub_a",
            "aws_subnet.sn_pub_b",
            "aws_subnet.sn_pub_c",
            "aws_vpc.a4l_vpc",
            "data.aws_availability_zones.available"
          ]
        }
      ]
    },
    {
      "mode": "managed",
      "type": "aws_cloudwatch_metric_alarm",
      "name": "low_cpu",
      "provider": "provider[\"registry.terraform.io/hashicorp/aws\"]",
      "instances": [
        {
          "schema_version": 1,
          "attributes": {
            "actions_enabled": true,
            "alarm_actions": [
              "arn:aws:autoscaling:us-east-1:633620335195:scalingPolicy:d95190b1-d08f-4125-83c2-daa29078f68a:autoScalingGroupName/A4LWORDPRESSASG:policyName/LOWCPU"
            ],
            "alarm_description": "",
            "alarm_name": "WordpressLOWCPU",
            "arn": "arn:aws:cloudwatch:us-east-1:633620335195:alarm:WordpressLOWCPU",
            "comparison_operator": "LessThanThreshold",
            "datapoints_to_alarm": 0,
            "dimensions": {
              "AutoScalingGroupName": "A4LWORDPRESSASG"
            },
            "evaluate_low_sample_count_percentiles": "",
            "evaluation_periods": 2,
            "extended_statistic": "",
            "id": "WordpressLOWCPU",
            "insufficient_data_actions": null,
            "metric_name": "CPUUtilization",
            "metric_query": [],
            "namespace": "AWS/EC2",
            "ok_actions": null,
            "period": 60,
            "statistic": "Average",
            "tags": null,
            "tags_all": {},
            "threshold": 40,
            "threshold_metric_id": "",
            "treat_missing_data": "missing",
            "unit": ""
          },
          "sensitive_attributes": [],
          "private": "eyJzY2hlbWFfdmVyc2lvbiI6IjEifQ==",
          "dependencies": [
            "aws_autoscaling_group.wordpress_asg",
            "aws_autoscaling_policy.scale_in",
            "aws_db_instance.wordpress_db",
            "aws_db_subnet_group.wordpress_db_subnet_group",
            "aws_efs_file_system.a4l_wordpress_content",
            "aws_efs_mount_target.efs_mount_a",
            "aws_efs_mount_target.efs_mount_b",
            "aws_efs_mount_target.efs_mount_c",
            "aws_iam_instance_profile.wordpress_instance_profile",
            "aws_iam_role.wordpress_role",
            "aws_launch_template.wordpress_lt",
            "aws_lb.a4l_wordpress_alb",
            "aws_lb_listener.http",
            "aws_lb_target_group.a4l_wordpress_albtg",
            "aws_security_group.sg_database",
            "aws_security_group.sg_efs",
            "aws_security_group.sg_load_balancer",
            "aws_security_group.sg_wordpress",
            "aws_ssm_parameter.alb_dns_name",
            "aws_ssm_parameter.db_endpoint",
            "aws_ssm_parameter.db_name",
            "aws_ssm_parameter.db_password",
            "aws_ssm_parameter.db_user",
            "aws_ssm_parameter.file_system_id",
            "aws_subnet.sn_app_a",
            "aws_subnet.sn_app_b",
            "aws_subnet.sn_app_c",
            "aws_subnet.sn_db_a",
            "aws_subnet.sn_db_b",
            "aws_subnet.sn_db_c",
            "aws_subnet.sn_pub_a",
            "aws_subnet.sn_pub_b",
            "aws_subnet.sn_pub_c",
            "aws_vpc.a4l_vpc",
            "data.aws_availability_zones.available"
          ]
        }
      ]
    },
    {
      "mode": "managed",
      "type": "aws_db_instance",
      "name": "wordpress_db",
      "provider": "provider[\"registry.terraform.io/hashicorp/aws\"]",
      "instances": [
        {
          "schema_version": 2,
          "attributes": {
            "address": "a4lwordpress.c8f6q6cimu62.us-east-1.rds.amazonaws.com",
            "allocated_storage": 20,
            "allow_major_version_upgrade": null,
            "apply_immediately": false,
            "arn": "arn:aws:rds:us-east-1:633620335195:db:a4lwordpress",
            "auto_minor_version_upgrade": true,
            "availability_zone": "us-east-1a",
            "backup_retention_period": 0,
            "backup_target": "region",
            "backup_window": "06:43-07:13",
            "blue_green_update": [],
            "ca_cert_identifier": "rds-ca-rsa2048-g1",
            "character_set_name": "",
            "copy_tags_to_snapshot": false,
            "custom_iam_instance_profile": "",
            "customer_owned_ip_enabled": false,
            "database_insights_mode": "standard",
            "db_name": "a4lwordpressdb",
            "db_subnet_group_name": "wordpress-db-subnet-group",
            "dedicated_log_volume": false,
            "delete_automated_backups": true,
            "deletion_protection": false,
            "domain": "",
            "domain_auth_secret_arn": "",
            "domain_dns_ips": null,
            "domain_fqdn": "",
            "domain_iam_role_name": "",
            "domain_ou": "",
            "enabled_cloudwatch_logs_exports": null,
            "endpoint": "a4lwordpress.c8f6q6cimu62.us-east-1.rds.amazonaws.com:3306",
            "engine": "mysql",
            "engine_lifecycle_support": "open-source-rds-extended-support",
            "engine_version": "8.4.8",
            "engine_version_actual": "8.4.8",
            "final_snapshot_identifier": null,
            "hosted_zone_id": "Z2R2ITUGPM61AM",
            "iam_database_authentication_enabled": false,
            "id": "db-2KZYNQCTI45PQ6ZTCZCBOAE3FE",
            "identifier": "a4lwordpress",
            "identifier_prefix": "",
            "instance_class": "db.t3.micro",
            "iops": 0,
            "kms_key_id": "",
            "latest_restorable_time": "",
            "license_model": "general-public-license",
            "listener_endpoint": [],
            "maintenance_window": "sun:07:35-sun:08:05",
            "manage_master_user_password": null,
            "master_user_secret": [],
            "master_user_secret_kms_key_id": null,
            "max_allocated_storage": 0,
            "monitoring_interval": 0,
            "monitoring_role_arn": "",
            "multi_az": false,
            "nchar_character_set_name": "",
            "network_type": "IPV4",
            "option_group_name": "default:mysql-8-4",
            "parameter_group_name": "default.mysql8.4",
            "password": "4n1m4l54L1f3",
            "password_wo": null,
            "password_wo_version": null,
            "performance_insights_enabled": false,
            "performance_insights_kms_key_id": "",
            "performance_insights_retention_period": 0,
            "port": 3306,
            "publicly_accessible": false,
            "replica_mode": "",
            "replicas": [],
            "replicate_source_db": "",
            "resource_id": "db-2KZYNQCTI45PQ6ZTCZCBOAE3FE",
            "restore_to_point_in_time": [],
            "s3_import": [],
            "skip_final_snapshot": true,
            "snapshot_identifier": null,
            "status": "available",
            "storage_encrypted": false,
            "storage_throughput": 0,
            "storage_type": "gp2",
            "tags": {
              "Name": "WordpressDB"
            },
            "tags_all": {
              "Name": "WordpressDB"
            },
            "timeouts": null,
            "timezone": "",
            "upgrade_storage_config": null,
            "username": "a4lwordpressuser",
            "vpc_security_group_ids": [
              "sg-03e157056b29c796c"
            ]
          },
          "sensitive_attributes": [
            [
              {
                "type": "get_attr",
                "value": "password"
              }
            ]
          ],
          "private": "eyJlMmJmYjczMC1lY2FhLTExZTYtOGY4OC0zNDM2M2JjN2M0YzAiOnsiY3JlYXRlIjozMDAwMDAwMDAwMDAwLCJkZWxldGUiOjM2MDAwMDAwMDAwMDAsInVwZGF0ZSI6NDgwMDAwMDAwMDAwMH0sInNjaGVtYV92ZXJzaW9uIjoiMiJ9",
          "dependencies": [
            "aws_db_subnet_group.wordpress_db_subnet_group",
            "aws_security_group.sg_database",
            "aws_security_group.sg_load_balancer",
            "aws_security_group.sg_wordpress",
            "aws_subnet.sn_db_a",
            "aws_subnet.sn_db_b",
            "aws_subnet.sn_db_c",
            "aws_vpc.a4l_vpc",
            "data.aws_availability_zones.available"
          ]
        }
      ]
    },
    {
      "mode": "managed",
      "type": "aws_db_subnet_group",
      "name": "wordpress_db_subnet_group",
      "provider": "provider[\"registry.terraform.io/hashicorp/aws\"]",
      "instances": [
        {
          "schema_version": 0,
          "attributes": {
            "arn": "arn:aws:rds:us-east-1:633620335195:subgrp:wordpress-db-subnet-group",
            "description": "Managed by Terraform",
            "id": "wordpress-db-subnet-group",
            "name": "wordpress-db-subnet-group",
            "name_prefix": "",
            "subnet_ids": [
              "subnet-09254fccba52bb150",
              "subnet-0be93afb45e86917e",
              "subnet-0cce60dda53f6fcd5"
            ],
            "supported_network_types": [
              "IPV4"
            ],
            "tags": {
              "Name": "WordPressRDSSubNetGroup"
            },
            "tags_all": {
              "Name": "WordPressRDSSubNetGroup"
            },
            "vpc_id": "vpc-0d95c3ed7675b3afb"
          },
          "sensitive_attributes": [],
          "private": "bnVsbA==",
          "dependencies": [
            "aws_subnet.sn_db_a",
            "aws_subnet.sn_db_b",
            "aws_subnet.sn_db_c",
            "aws_vpc.a4l_vpc",
            "data.aws_availability_zones.available"
          ]
        }
      ]
    },
    {
      "mode": "managed",
      "type": "aws_efs_file_system",
      "name": "a4l_wordpress_content",
      "provider": "provider[\"registry.terraform.io/hashicorp/aws\"]",
      "instances": [
        {
          "schema_version": 0,
          "attributes": {
            "arn": "arn:aws:elasticfilesystem:us-east-1:633620335195:file-system/fs-020a1e0f8ac49de05",
            "availability_zone_id": "",
            "availability_zone_name": "",
            "creation_token": "A4L-WORDPRESS-CONTENT",
            "dns_name": "fs-020a1e0f8ac49de05.efs.us-east-1.amazonaws.com",
            "encrypted": false,
            "id": "fs-020a1e0f8ac49de05",
            "kms_key_id": "",
            "lifecycle_policy": [
              {
                "transition_to_archive": "",
                "transition_to_ia": "AFTER_30_DAYS",
                "transition_to_primary_storage_class": ""
              }
            ],
            "name": "A4L-WORDPRESS-CONTENT",
            "number_of_mount_targets": 0,
            "owner_id": "633620335195",
            "performance_mode": "generalPurpose",
            "protection": [
              {
                "replication_overwrite": "ENABLED"
              }
            ],
            "provisioned_throughput_in_mibps": 0,
            "size_in_bytes": [
              {
                "value": 6144,
                "value_in_ia": 0,
                "value_in_standard": 6144
              }
            ],
            "tags": {
              "Name": "A4L-WORDPRESS-CONTENT"
            },
            "tags_all": {
              "Name": "A4L-WORDPRESS-CONTENT"
            },
            "throughput_mode": "bursting"
          },
          "sensitive_attributes": [],
          "private": "bnVsbA=="
        }
      ]
    },
    {
      "mode": "managed",
      "type": "aws_efs_mount_target",
      "name": "efs_mount_a",
      "provider": "provider[\"registry.terraform.io/hashicorp/aws\"]",
      "instances": [
        {
          "schema_version": 0,
          "attributes": {
            "availability_zone_id": "use1-az4",
            "availability_zone_name": "us-east-1a",
            "dns_name": "fs-020a1e0f8ac49de05.efs.us-east-1.amazonaws.com",
            "file_system_arn": "arn:aws:elasticfilesystem:us-east-1:633620335195:file-system/fs-020a1e0f8ac49de05",
            "file_system_id": "fs-020a1e0f8ac49de05",
            "id": "fsmt-0d6336dc21843d4af",
            "ip_address": "10.16.39.26",
            "mount_target_dns_name": "us-east-1a.fs-020a1e0f8ac49de05.efs.us-east-1.amazonaws.com",
            "network_interface_id": "eni-0c88a02c20a11e71c",
            "owner_id": "633620335195",
            "security_groups": [
              "sg-0f88feeedc1d68a9f"
            ],
            "subnet_id": "subnet-0518947db42cd016c",
            "timeouts": null
          },
          "sensitive_attributes": [],
          "private": "eyJlMmJmYjczMC1lY2FhLTExZTYtOGY4OC0zNDM2M2JjN2M0YzAiOnsiY3JlYXRlIjoxODAwMDAwMDAwMDAwLCJkZWxldGUiOjYwMDAwMDAwMDAwMH19",
          "dependencies": [
            "aws_efs_file_system.a4l_wordpress_content",
            "aws_security_group.sg_efs",
            "aws_security_group.sg_load_balancer",
            "aws_security_group.sg_wordpress",
            "aws_subnet.sn_app_a",
            "aws_vpc.a4l_vpc",
            "data.aws_availability_zones.available"
          ]
        }
      ]
    },
    {
      "mode": "managed",
      "type": "aws_efs_mount_target",
      "name": "efs_mount_b",
      "provider": "provider[\"registry.terraform.io/hashicorp/aws\"]",
      "instances": [
        {
          "schema_version": 0,
          "attributes": {
            "availability_zone_id": "use1-az6",
            "availability_zone_name": "us-east-1b",
            "dns_name": "fs-020a1e0f8ac49de05.efs.us-east-1.amazonaws.com",
            "file_system_arn": "arn:aws:elasticfilesystem:us-east-1:633620335195:file-system/fs-020a1e0f8ac49de05",
            "file_system_id": "fs-020a1e0f8ac49de05",
            "id": "fsmt-0ab27cd2b7d36ec54",
            "ip_address": "10.16.100.187",
            "mount_target_dns_name": "us-east-1b.fs-020a1e0f8ac49de05.efs.us-east-1.amazonaws.com",
            "network_interface_id": "eni-08bd1dd088a735daa",
            "owner_id": "633620335195",
            "security_groups": [
              "sg-0f88feeedc1d68a9f"
            ],
            "subnet_id": "subnet-0b94a51d3b380c044",
            "timeouts": null
          },
          "sensitive_attributes": [],
          "private": "eyJlMmJmYjczMC1lY2FhLTExZTYtOGY4OC0zNDM2M2JjN2M0YzAiOnsiY3JlYXRlIjoxODAwMDAwMDAwMDAwLCJkZWxldGUiOjYwMDAwMDAwMDAwMH19",
          "dependencies": [
            "aws_efs_file_system.a4l_wordpress_content",
            "aws_security_group.sg_efs",
            "aws_security_group.sg_load_balancer",
            "aws_security_group.sg_wordpress",
            "aws_subnet.sn_app_b",
            "aws_vpc.a4l_vpc",
            "data.aws_availability_zones.available"
          ]
        }
      ]
    },
    {
      "mode": "managed",
      "type": "aws_efs_mount_target",
      "name": "efs_mount_c",
      "provider": "provider[\"registry.terraform.io/hashicorp/aws\"]",
      "instances": [
        {
          "schema_version": 0,
          "attributes": {
            "availability_zone_id": "use1-az1",
            "availability_zone_name": "us-east-1c",
            "dns_name": "fs-020a1e0f8ac49de05.efs.us-east-1.amazonaws.com",
            "file_system_arn": "arn:aws:elasticfilesystem:us-east-1:633620335195:file-system/fs-020a1e0f8ac49de05",
            "file_system_id": "fs-020a1e0f8ac49de05",
            "id": "fsmt-03e726b638316932e",
            "ip_address": "10.16.165.210",
            "mount_target_dns_name": "us-east-1c.fs-020a1e0f8ac49de05.efs.us-east-1.amazonaws.com",
            "network_interface_id": "eni-0ddc51de7464a18af",
            "owner_id": "633620335195",
            "security_groups": [
              "sg-0f88feeedc1d68a9f"
            ],
            "subnet_id": "subnet-0fe6271f0d49aec6b",
            "timeouts": null
          },
          "sensitive_attributes": [],
          "private": "eyJlMmJmYjczMC1lY2FhLTExZTYtOGY4OC0zNDM2M2JjN2M0YzAiOnsiY3JlYXRlIjoxODAwMDAwMDAwMDAwLCJkZWxldGUiOjYwMDAwMDAwMDAwMH19",
          "dependencies": [
            "aws_efs_file_system.a4l_wordpress_content",
            "aws_security_group.sg_efs",
            "aws_security_group.sg_load_balancer",
            "aws_security_group.sg_wordpress",
            "aws_subnet.sn_app_c",
            "aws_vpc.a4l_vpc",
            "data.aws_availability_zones.available"
          ]
        }
      ]
    },
    {
      "mode": "managed",
      "type": "aws_iam_instance_profile",
      "name": "wordpress_instance_profile",
      "provider": "provider[\"registry.terraform.io/hashicorp/aws\"]",
      "instances": [
        {
          "schema_version": 0,
          "attributes": {
            "arn": "arn:aws:iam::633620335195:instance-profile/A4LVPC-WordpressInstanceProfile",
            "create_date": "2026-04-18T13:20:26Z",
            "id": "A4LVPC-WordpressInstanceProfile",
            "name": "A4LVPC-WordpressInstanceProfile",
            "name_prefix": "",
            "path": "/",
            "role": "WordpressRole",
            "tags": null,
            "tags_all": {},
            "unique_id": "AIPAZHBVXBJNV7XMSDQZ2"
          },
          "sensitive_attributes": [],
          "private": "bnVsbA==",
          "dependencies": [
            "aws_iam_role.wordpress_role"
          ],
          "create_before_destroy": true
        }
      ]
    },
    {
      "mode": "managed",
      "type": "aws_iam_role",
      "name": "wordpress_role",
      "provider": "provider[\"registry.terraform.io/hashicorp/aws\"]",
      "instances": [
        {
          "schema_version": 0,
          "attributes": {
            "arn": "arn:aws:iam::633620335195:role/WordpressRole",
            "assume_role_policy": "{\"Statement\":[{\"Action\":\"sts:AssumeRole\",\"Effect\":\"Allow\",\"Principal\":{\"Service\":\"ec2.amazonaws.com\"}}],\"Version\":\"2012-10-17\"}",
            "create_date": "2026-04-18T13:20:26Z",
            "description": "",
            "force_detach_policies": false,
            "id": "WordpressRole",
            "inline_policy": [],
            "managed_policy_arns": [],
            "max_session_duration": 3600,
            "name": "WordpressRole",
            "name_prefix": "",
            "path": "/",
            "permissions_boundary": "",
            "tags": {
              "Name": "WordpressRole"
            },
            "tags_all": {
              "Name": "WordpressRole"
            },
            "unique_id": "AROAZHBVXBJNRVZIEWL5O"
          },
          "sensitive_attributes": [],
          "private": "bnVsbA==",
          "create_before_destroy": true
        }
      ]
    },
    {
      "mode": "managed",
      "type": "aws_iam_role_policy_attachment",
      "name": "wordpress_efs",
      "provider": "provider[\"registry.terraform.io/hashicorp/aws\"]",
      "instances": [
        {
          "schema_version": 0,
          "attributes": {
            "id": "WordpressRole-20260418132026710900000002",
            "policy_arn": "arn:aws:iam::aws:policy/AmazonElasticFileSystemClientFullAccess",
            "role": "WordpressRole"
          },
          "sensitive_attributes": [],
          "private": "bnVsbA==",
          "dependencies": [
            "aws_iam_role.wordpress_role"
          ]
        }
      ]
    },
    {
      "mode": "managed",
      "type": "aws_iam_role_policy_attachment",
      "name": "wordpress_ssm_core",
      "provider": "provider[\"registry.terraform.io/hashicorp/aws\"]",
      "instances": [
        {
          "schema_version": 0,
          "attributes": {
            "id": "WordpressRole-20260418132026620800000001",
            "policy_arn": "arn:aws:iam::aws:policy/AmazonSSMManagedInstanceCore",
            "role": "WordpressRole"
          },
          "sensitive_attributes": [],
          "private": "bnVsbA==",
          "dependencies": [
            "aws_iam_role.wordpress_role"
          ]
        }
      ]
    },
    {
      "mode": "managed",
      "type": "aws_internet_gateway",
      "name": "a4l_igw",
      "provider": "provider[\"registry.terraform.io/hashicorp/aws\"]",
      "instances": [
        {
          "schema_version": 0,
          "attributes": {
            "arn": "arn:aws:ec2:us-east-1:633620335195:internet-gateway/igw-05e4f70120290a5c0",
            "id": "igw-05e4f70120290a5c0",
            "owner_id": "633620335195",
            "tags": {
              "Name": "A4L-IGW"
            },
            "tags_all": {
              "Name": "A4L-IGW"
            },
            "timeouts": null,
            "vpc_id": "vpc-0d95c3ed7675b3afb"
          },
          "sensitive_attributes": [],
          "private": "eyJlMmJmYjczMC1lY2FhLTExZTYtOGY4OC0zNDM2M2JjN2M0YzAiOnsiY3JlYXRlIjoxMjAwMDAwMDAwMDAwLCJkZWxldGUiOjEyMDAwMDAwMDAwMDAsInVwZGF0ZSI6MTIwMDAwMDAwMDAwMH19",
          "dependencies": [
            "aws_vpc.a4l_vpc"
          ]
        }
      ]
    },
    {
      "mode": "managed",
      "type": "aws_launch_template",
      "name": "wordpress_lt",
      "provider": "provider[\"registry.terraform.io/hashicorp/aws\"]",
      "instances": [
        {
          "schema_version": 0,
          "attributes": {
            "arn": "arn:aws:ec2:us-east-1:633620335195:launch-template/lt-05b86c94937bbca25",
            "block_device_mappings": [],
            "capacity_reservation_specification": [],
            "cpu_options": [],
            "credit_specification": [],
            "default_version": 1,
            "description": "",
            "disable_api_stop": false,
            "disable_api_termination": false,
            "ebs_optimized": "",
            "elastic_gpu_specifications": [],
            "elastic_inference_accelerator": [],
            "enclave_options": [],
            "hibernation_options": [],
            "iam_instance_profile": [
              {
                "arn": "",
                "name": "A4LVPC-WordpressInstanceProfile"
              }
            ],
            "id": "lt-05b86c94937bbca25",
            "image_id": "resolve:ssm:/aws/service/ami-amazon-linux-latest/al2023-ami-kernel-default-x86_64",
            "instance_initiated_shutdown_behavior": "",
            "instance_market_options": [],
            "instance_requirements": [],
            "instance_type": "t2.micro",
            "kernel_id": "",
            "key_name": "",
            "latest_version": 1,
            "license_specification": [],
            "maintenance_options": [],
            "metadata_options": [],
            "monitoring": [],
            "name": "Wordpress",
            "name_prefix": "",
            "network_interfaces": [],
            "placement": [],
            "private_dns_name_options": [],
            "ram_disk_id": "",
            "security_group_names": null,
            "tag_specifications": [],
            "tags": null,
            "tags_all": {},
            "update_default_version": true,
            "user_data": "IyEvYmluL2Jhc2ggLXhlCgpEQlBhc3N3b3JkPSQoYXdzIHNzbSBnZXQtcGFyYW1ldGVycyAtLXJlZ2lvbiB1cy1lYXN0LTEgLS1uYW1lcyAvQTRML1dvcmRwcmVzcy9EQlBhc3N3b3JkIC0td2l0aC1kZWNyeXB0aW9uIC0tcXVlcnkgUGFyYW1ldGVyc1swXS5WYWx1ZSAtLW91dHB1dCB0ZXh0KQpEQlVzZXI9JChhd3Mgc3NtIGdldC1wYXJhbWV0ZXJzIC0tcmVnaW9uIHVzLWVhc3QtMSAtLW5hbWVzIC9BNEwvV29yZHByZXNzL0RCVXNlciAtLXF1ZXJ5IFBhcmFtZXRlcnNbMF0uVmFsdWUgLS1vdXRwdXQgdGV4dCkKREJOYW1lPSQoYXdzIHNzbSBnZXQtcGFyYW1ldGVycyAtLXJlZ2lvbiB1cy1lYXN0LTEgLS1uYW1lcyAvQTRML1dvcmRwcmVzcy9EQk5hbWUgLS1xdWVyeSBQYXJhbWV0ZXJzWzBdLlZhbHVlIC0tb3V0cHV0IHRleHQpCkRCRW5kcG9pbnQ9JChhd3Mgc3NtIGdldC1wYXJhbWV0ZXJzIC0tcmVnaW9uIHVzLWVhc3QtMSAtLW5hbWVzIC9BNEwvV29yZHByZXNzL0RCRW5kcG9pbnQgLS1xdWVyeSBQYXJhbWV0ZXJzWzBdLlZhbHVlIC0tb3V0cHV0IHRleHQpCkVGU0ZTSUQ9JChhd3Mgc3NtIGdldC1wYXJhbWV0ZXJzIC0tcmVnaW9uIHVzLWVhc3QtMSAtLW5hbWVzIC9BNEwvV29yZHByZXNzL0VGU0ZTSUQgLS1xdWVyeSBQYXJhbWV0ZXJzWzBdLlZhbHVlIC0tb3V0cHV0IHRleHQpCkFMQkROU05BTUU9JChhd3Mgc3NtIGdldC1wYXJhbWV0ZXJzIC0tcmVnaW9uIHVzLWVhc3QtMSAtLW5hbWVzIC9BNEwvV29yZHByZXNzL0FMQkROU05BTUUgLS1xdWVyeSBQYXJhbWV0ZXJzWzBdLlZhbHVlIC0tb3V0cHV0IHRleHQpCgpkbmYgLXkgdXBkYXRlCmRuZiBpbnN0YWxsIC15IHdnZXQgaHR0cGQgcGhwIHBocC1teXNxbG5kIHBocC1mcG0gcGhwLW15c3FsaSBwaHAtanNvbiBwaHAtZGV2ZWwgc3RyZXNzIGFtYXpvbi1lZnMtdXRpbHMgbWFyaWFkYjEwNQoKc3lzdGVtY3RsIGVuYWJsZSBodHRwZApzeXN0ZW1jdGwgc3RhcnQgaHR0cGQKCm1rZGlyIC1wIC92YXIvd3d3L2h0bWwvd3AtY29udGVudAoKZWNobyAtZSAiJEVGU0ZTSUQ6LyAvdmFyL3d3dy9odG1sL3dwLWNvbnRlbnQgZWZzIF9uZXRkZXYsdGxzLGlhbSAwIDAiID4+IC9ldGMvZnN0YWIKbW91bnQgLWEgLXQgZWZzIGRlZmF1bHRzCgp3Z2V0IGh0dHA6Ly93b3JkcHJlc3Mub3JnL2xhdGVzdC50YXIuZ3ogLVAgL3Zhci93d3cvaHRtbApjZCAvdmFyL3d3dy9odG1sCnRhciAtenh2ZiBsYXRlc3QudGFyLmd6CmNwIC1ydmYgd29yZHByZXNzLyogLgpybSAtcmYgd29yZHByZXNzCnJtIC1mIGxhdGVzdC50YXIuZ3oKCmNwIC4vd3AtY29uZmlnLXNhbXBsZS5waHAgLi93cC1jb25maWcucGhwCnNlZCAtaSAicy8nZGF0YWJhc2VfbmFtZV9oZXJlJy8nJERCTmFtZScvZyIgd3AtY29uZmlnLnBocApzZWQgLWkgInMvJ3VzZXJuYW1lX2hlcmUnLyckREJVc2VyJy9nIiB3cC1jb25maWcucGhwCnNlZCAtaSAicy8ncGFzc3dvcmRfaGVyZScvJyREQlBhc3N3b3JkJy9nIiB3cC1jb25maWcucGhwCnNlZCAtaSAicy8nbG9jYWxob3N0Jy8nJERCRW5kcG9pbnQnL2ciIHdwLWNvbmZpZy5waHAKCnVzZXJtb2QgLWEgLUcgYXBhY2hlIGVjMi11c2VyCmNob3duIC1SIGVjMi11c2VyOmFwYWNoZSAvdmFyL3d3dwpjaG1vZCAyNzc1IC92YXIvd3d3CmZpbmQgL3Zhci93d3cgLXR5cGUgZCAtZXhlYyBjaG1vZCAyNzc1IHt9IFw7CmZpbmQgL3Zhci93d3cgLXR5cGUgZiAtZXhlYyBjaG1vZCAwNjY0IHt9IFw7CgpjYXQgPiAvaG9tZS9lYzItdXNlci91cGRhdGVfd3BfaXAuc2ggPDwgJ0VPV1AnCiMhL2Jpbi9iYXNoCnNvdXJjZSA8KHBocCAtciAncmVxdWlyZSgiL3Zhci93d3cvaHRtbC93cC1jb25maWcucGhwIik7IGVjaG8oIkRCX05BTUU9Ii5EQl9OQU1FLiI7IERCX1VTRVI9Ii5EQl9VU0VSLiI7IERCX1BBU1NXT1JEPSIuREJfUEFTU1dPUkQuIjsgREJfSE9TVD0iLkRCX0hPU1QpOyAnKQpTUUxfQ09NTUFORD0ibXlzcWwgLXUgJERCX1VTRVIgLWggJERCX0hPU1QgLXAkREJfUEFTU1dPUkQgJERCX05BTUUgLWUiCk9MRF9VUkw9JChteXNxbCAtdSAkREJfVVNFUiAtaCAkREJfSE9TVCAtcCREQl9QQVNTV09SRCAkREJfTkFNRSAtZSAnc2VsZWN0IG9wdGlvbl92YWx1ZSBmcm9tIHdwX29wdGlvbnMgd2hlcmUgb3B0aW9uX25hbWUgPSAic2l0ZXVybCI7JyB8IGdyZXAgaHR0cCB8fCB0cnVlKQpBTEJETlNOQU1FPSQoYXdzIHNzbSBnZXQtcGFyYW1ldGVycyAtLXJlZ2lvbiB1cy1lYXN0LTEgLS1uYW1lcyAvQTRML1dvcmRwcmVzcy9BTEJETlNOQU1FIC0tcXVlcnkgUGFyYW1ldGVyc1swXS5WYWx1ZSAtLW91dHB1dCB0ZXh0KQppZiBbIC1uICIkT0xEX1VSTCIgXTsgdGhlbgogICRTUUxfQ09NTUFORCAiVVBEQVRFIHdwX29wdGlvbnMgU0VUIG9wdGlvbl92YWx1ZSA9IHJlcGxhY2Uob3B0aW9uX3ZhbHVlLCAnJE9MRF9VUkwnLCAnaHR0cDovLyRBTEJETlNOQU1FJykgV0hFUkUgb3B0aW9uX25hbWUgPSAnaG9tZScgT1Igb3B0aW9uX25hbWUgPSAnc2l0ZXVybCc7IgogICRTUUxfQ09NTUFORCAiVVBEQVRFIHdwX3Bvc3RzIFNFVCBndWlkID0gcmVwbGFjZShndWlkLCAnJE9MRF9VUkwnLCdodHRwOi8vJEFMQkROU05BTUUnKTsiCiAgJFNRTF9DT01NQU5EICJVUERBVEUgd3BfcG9zdHMgU0VUIHBvc3RfY29udGVudCA9IHJlcGxhY2UocG9zdF9jb250ZW50LCAnJE9MRF9VUkwnLCAnaHR0cDovLyRBTEJETlNOQU1FJyk7IgogICRTUUxfQ09NTUFORCAiVVBEQVRFIHdwX3Bvc3RtZXRhIFNFVCBtZXRhX3ZhbHVlID0gcmVwbGFjZShtZXRhX3ZhbHVlLCckT0xEX1VSTCcsJ2h0dHA6Ly8kQUxCRE5TTkFNRScpOyIKZmkKRU9XUAoKY2htb2QgNzU1IC9ob21lL2VjMi11c2VyL3VwZGF0ZV93cF9pcC5zaAplY2hvICIvaG9tZS9lYzItdXNlci91cGRhdGVfd3BfaXAuc2giID4+IC9ldGMvcmMubG9jYWwKY2htb2QgK3ggL2V0Yy9yYy5kL3JjLmxvY2FsIHx8IHRydWUKL2hvbWUvZWMyLXVzZXIvdXBkYXRlX3dwX2lwLnNoIHx8IHRydWUK",
            "vpc_security_group_ids": [
              "sg-0232a3b7b576cab3c"
            ]
          },
          "sensitive_attributes": [],
          "private": "bnVsbA==",
          "dependencies": [
            "aws_iam_instance_profile.wordpress_instance_profile",
            "aws_iam_role.wordpress_role",
            "aws_security_group.sg_load_balancer",
            "aws_security_group.sg_wordpress",
            "aws_vpc.a4l_vpc"
          ],
          "create_before_destroy": true
        }
      ]
    },
    {
      "mode": "managed",
      "type": "aws_lb",
      "name": "a4l_wordpress_alb",
      "provider": "provider[\"registry.terraform.io/hashicorp/aws\"]",
      "instances": [
        {
          "schema_version": 0,
          "attributes": {
            "access_logs": [
              {
                "bucket": "",
                "enabled": false,
                "prefix": ""
              }
            ],
            "arn": "arn:aws:elasticloadbalancing:us-east-1:633620335195:loadbalancer/app/A4LWORDPRESSALB/46941145df6bf0e2",
            "arn_suffix": "app/A4LWORDPRESSALB/46941145df6bf0e2",
            "client_keep_alive": 3600,
            "connection_logs": [
              {
                "bucket": "",
                "enabled": false,
                "prefix": ""
              }
            ],
            "customer_owned_ipv4_pool": "",
            "desync_mitigation_mode": "defensive",
            "dns_name": "A4LWORDPRESSALB-882074042.us-east-1.elb.amazonaws.com",
            "dns_record_client_routing_policy": null,
            "drop_invalid_header_fields": false,
            "enable_cross_zone_load_balancing": true,
            "enable_deletion_protection": false,
            "enable_http2": true,
            "enable_tls_version_and_cipher_suite_headers": false,
            "enable_waf_fail_open": false,
            "enable_xff_client_port": false,
            "enable_zonal_shift": false,
            "enforce_security_group_inbound_rules_on_private_link_traffic": "",
            "id": "arn:aws:elasticloadbalancing:us-east-1:633620335195:loadbalancer/app/A4LWORDPRESSALB/46941145df6bf0e2",
            "idle_timeout": 60,
            "internal": false,
            "ip_address_type": "ipv4",
            "ipam_pools": [],
            "load_balancer_type": "application",
            "minimum_load_balancer_capacity": [],
            "name": "A4LWORDPRESSALB",
            "name_prefix": "",
            "preserve_host_header": false,
            "security_groups": [
              "sg-0d006c5e315ceb74b"
            ],
            "subnet_mapping": [
              {
                "allocation_id": "",
                "ipv6_address": "",
                "outpost_id": "",
                "private_ipv4_address": "",
                "subnet_id": "subnet-09542c9c91b34f849"
              },
              {
                "allocation_id": "",
                "ipv6_address": "",
                "outpost_id": "",
                "private_ipv4_address": "",
                "subnet_id": "subnet-0ca8c3a6d1cd30230"
              },
              {
                "allocation_id": "",
                "ipv6_address": "",
                "outpost_id": "",
                "private_ipv4_address": "",
                "subnet_id": "subnet-0f95af12edb23fef3"
              }
            ],
            "subnets": [
              "subnet-09542c9c91b34f849",
              "subnet-0ca8c3a6d1cd30230",
              "subnet-0f95af12edb23fef3"
            ],
            "tags": {
              "Name": "A4LWORDPRESSALB"
            },
            "tags_all": {
              "Name": "A4LWORDPRESSALB"
            },
            "timeouts": null,
            "vpc_id": "vpc-0d95c3ed7675b3afb",
            "xff_header_processing_mode": "append",
            "zone_id": "Z35SXDOTRQ7X7K"
          },
          "sensitive_attributes": [],
          "private": "eyJlMmJmYjczMC1lY2FhLTExZTYtOGY4OC0zNDM2M2JjN2M0YzAiOnsiY3JlYXRlIjo2MDAwMDAwMDAwMDAsImRlbGV0ZSI6NjAwMDAwMDAwMDAwLCJ1cGRhdGUiOjYwMDAwMDAwMDAwMH19",
          "dependencies": [
            "aws_security_group.sg_load_balancer",
            "aws_subnet.sn_pub_a",
            "aws_subnet.sn_pub_b",
            "aws_subnet.sn_pub_c",
            "aws_vpc.a4l_vpc",
            "data.aws_availability_zones.available"
          ]
        }
      ]
    },
    {
      "mode": "managed",
      "type": "aws_lb_listener",
      "name": "http",
      "provider": "provider[\"registry.terraform.io/hashicorp/aws\"]",
      "instances": [
        {
          "schema_version": 0,
          "attributes": {
            "alpn_policy": null,
            "arn": "arn:aws:elasticloadbalancing:us-east-1:633620335195:listener/app/A4LWORDPRESSALB/46941145df6bf0e2/f38ef5b58a3fdd70",
            "certificate_arn": null,
            "default_action": [
              {
                "authenticate_cognito": [],
                "authenticate_oidc": [],
                "fixed_response": [],
                "forward": [],
                "order": 1,
                "redirect": [],
                "target_group_arn": "arn:aws:elasticloadbalancing:us-east-1:633620335195:targetgroup/A4LWORDPRESSALBTG/70b6aef48e30b467",
                "type": "forward"
              }
            ],
            "id": "arn:aws:elasticloadbalancing:us-east-1:633620335195:listener/app/A4LWORDPRESSALB/46941145df6bf0e2/f38ef5b58a3fdd70",
            "load_balancer_arn": "arn:aws:elasticloadbalancing:us-east-1:633620335195:loadbalancer/app/A4LWORDPRESSALB/46941145df6bf0e2",
            "mutual_authentication": [],
            "port": 80,
            "protocol": "HTTP",
            "routing_http_request_x_amzn_mtls_clientcert_header_name": null,
            "routing_http_request_x_amzn_mtls_clientcert_issuer_header_name": null,
            "routing_http_request_x_amzn_mtls_clientcert_leaf_header_name": null,
            "routing_http_request_x_amzn_mtls_clientcert_serial_number_header_name": null,
            "routing_http_request_x_amzn_mtls_clientcert_subject_header_name": null,
            "routing_http_request_x_amzn_mtls_clientcert_validity_header_name": null,
            "routing_http_request_x_amzn_tls_cipher_suite_header_name": null,
            "routing_http_request_x_amzn_tls_version_header_name": null,
            "routing_http_response_access_control_allow_credentials_header_value": "",
            "routing_http_response_access_control_allow_headers_header_value": "",
            "routing_http_response_access_control_allow_methods_header_value": "",
            "routing_http_response_access_control_allow_origin_header_value": "",
            "routing_http_response_access_control_expose_headers_header_value": "",
            "routing_http_response_access_control_max_age_header_value": "",
            "routing_http_response_content_security_policy_header_value": "",
            "routing_http_response_server_enabled": true,
            "routing_http_response_strict_transport_security_header_value": "",
            "routing_http_response_x_content_type_options_header_value": "",
            "routing_http_response_x_frame_options_header_value": "",
            "ssl_policy": "",
            "tags": null,
            "tags_all": {},
            "tcp_idle_timeout_seconds": null,
            "timeouts": null
          },
          "sensitive_attributes": [],
          "private": "eyJlMmJmYjczMC1lY2FhLTExZTYtOGY4OC0zNDM2M2JjN2M0YzAiOnsiY3JlYXRlIjozMDAwMDAwMDAwMDAsInVwZGF0ZSI6MzAwMDAwMDAwMDAwfX0=",
          "dependencies": [
            "aws_lb.a4l_wordpress_alb",
            "aws_lb_target_group.a4l_wordpress_albtg",
            "aws_security_group.sg_load_balancer",
            "aws_subnet.sn_pub_a",
            "aws_subnet.sn_pub_b",
            "aws_subnet.sn_pub_c",
            "aws_vpc.a4l_vpc",
            "data.aws_availability_zones.available"
          ]
        }
      ]
    },
    {
      "mode": "managed",
      "type": "aws_lb_target_group",
      "name": "a4l_wordpress_albtg",
      "provider": "provider[\"registry.terraform.io/hashicorp/aws\"]",
      "instances": [
        {
          "schema_version": 0,
          "attributes": {
            "arn": "arn:aws:elasticloadbalancing:us-east-1:633620335195:targetgroup/A4LWORDPRESSALBTG/70b6aef48e30b467",
            "arn_suffix": "targetgroup/A4LWORDPRESSALBTG/70b6aef48e30b467",
            "connection_termination": null,
            "deregistration_delay": "300",
            "health_check": [
              {
                "enabled": true,
                "healthy_threshold": 2,
                "interval": 30,
                "matcher": "200-399",
                "path": "/",
                "port": "traffic-port",
                "protocol": "HTTP",
                "timeout": 5,
                "unhealthy_threshold": 2
              }
            ],
            "id": "arn:aws:elasticloadbalancing:us-east-1:633620335195:targetgroup/A4LWORDPRESSALBTG/70b6aef48e30b467",
            "ip_address_type": "ipv4",
            "lambda_multi_value_headers_enabled": false,
            "load_balancer_arns": [],
            "load_balancing_algorithm_type": "round_robin",
            "load_balancing_anomaly_mitigation": "off",
            "load_balancing_cross_zone_enabled": "use_load_balancer_configuration",
            "name": "A4LWORDPRESSALBTG",
            "name_prefix": "",
            "port": 80,
            "preserve_client_ip": null,
            "protocol": "HTTP",
            "protocol_version": "HTTP1",
            "proxy_protocol_v2": false,
            "slow_start": 0,
            "stickiness": [
              {
                "cookie_duration": 86400,
                "cookie_name": "",
                "enabled": false,
                "type": "lb_cookie"
              }
            ],
            "tags": {
              "Name": "A4LWORDPRESSALBTG"
            },
            "tags_all": {
              "Name": "A4LWORDPRESSALBTG"
            },
            "target_failover": [
              {
                "on_deregistration": null,
                "on_unhealthy": null
              }
            ],
            "target_group_health": [
              {
                "dns_failover": [
                  {
                    "minimum_healthy_targets_count": "1",
                    "minimum_healthy_targets_percentage": "off"
                  }
                ],
                "unhealthy_state_routing": [
                  {
                    "minimum_healthy_targets_count": 1,
                    "minimum_healthy_targets_percentage": "off"
                  }
                ]
              }
            ],
            "target_health_state": [
              {
                "enable_unhealthy_connection_termination": null,
                "unhealthy_draining_interval": null
              }
            ],
            "target_type": "instance",
            "vpc_id": "vpc-0d95c3ed7675b3afb"
          },
          "sensitive_attributes": [],
          "private": "bnVsbA==",
          "dependencies": [
            "aws_vpc.a4l_vpc"
          ]
        }
      ]
    },
    {
      "mode": "managed",
      "type": "aws_route",
      "name": "rt_pub_default_ipv4",
      "provider": "provider[\"registry.terraform.io/hashicorp/aws\"]",
      "instances": [
        {
          "schema_version": 0,
          "attributes": {
            "carrier_gateway_id": "",
            "core_network_arn": "",
            "destination_cidr_block": "0.0.0.0/0",
            "destination_ipv6_cidr_block": "",
            "destination_prefix_list_id": "",
            "egress_only_gateway_id": "",
            "gateway_id": "igw-05e4f70120290a5c0",
            "id": "r-rtb-05488c2423e96ded11080289494",
            "instance_id": "",
            "instance_owner_id": "",
            "local_gateway_id": "",
            "nat_gateway_id": "",
            "network_interface_id": "",
            "origin": "CreateRoute",
            "route_table_id": "rtb-05488c2423e96ded1",
            "state": "active",
            "timeouts": null,
            "transit_gateway_id": "",
            "vpc_endpoint_id": "",
            "vpc_peering_connection_id": ""
          },
          "sensitive_attributes": [],
          "private": "eyJlMmJmYjczMC1lY2FhLTExZTYtOGY4OC0zNDM2M2JjN2M0YzAiOnsiY3JlYXRlIjozMDAwMDAwMDAwMDAsImRlbGV0ZSI6MzAwMDAwMDAwMDAwLCJ1cGRhdGUiOjEyMDAwMDAwMDAwMH19",
          "dependencies": [
            "aws_internet_gateway.a4l_igw",
            "aws_route_table.rt_public",
            "aws_vpc.a4l_vpc"
          ]
        }
      ]
    },
    {
      "mode": "managed",
      "type": "aws_route_table",
      "name": "rt_public",
      "provider": "provider[\"registry.terraform.io/hashicorp/aws\"]",
      "instances": [
        {
          "schema_version": 0,
          "attributes": {
            "arn": "arn:aws:ec2:us-east-1:633620335195:route-table/rtb-05488c2423e96ded1",
            "id": "rtb-05488c2423e96ded1",
            "owner_id": "633620335195",
            "propagating_vgws": [],
            "route": [],
            "tags": {
              "Name": "A4L-vpc-rt-pub"
            },
            "tags_all": {
              "Name": "A4L-vpc-rt-pub"
            },
            "timeouts": null,
            "vpc_id": "vpc-0d95c3ed7675b3afb"
          },
          "sensitive_attributes": [],
          "private": "eyJlMmJmYjczMC1lY2FhLTExZTYtOGY4OC0zNDM2M2JjN2M0YzAiOnsiY3JlYXRlIjozMDAwMDAwMDAwMDAsImRlbGV0ZSI6MzAwMDAwMDAwMDAwLCJ1cGRhdGUiOjEyMDAwMDAwMDAwMH19",
          "dependencies": [
            "aws_vpc.a4l_vpc"
          ]
        }
      ]
    },
    {
      "mode": "managed",
      "type": "aws_route_table_association",
      "name": "rta_pub_a",
      "provider": "provider[\"registry.terraform.io/hashicorp/aws\"]",
      "instances": [
        {
          "schema_version": 0,
          "attributes": {
            "gateway_id": "",
            "id": "rtbassoc-01bb9b3827c9c08cd",
            "route_table_id": "rtb-05488c2423e96ded1",
            "subnet_id": "subnet-0f95af12edb23fef3",
            "timeouts": null
          },
          "sensitive_attributes": [],
          "private": "eyJlMmJmYjczMC1lY2FhLTExZTYtOGY4OC0zNDM2M2JjN2M0YzAiOnsiY3JlYXRlIjozMDAwMDAwMDAwMDAsImRlbGV0ZSI6MzAwMDAwMDAwMDAwLCJ1cGRhdGUiOjEyMDAwMDAwMDAwMH19",
          "dependencies": [
            "aws_route_table.rt_public",
            "aws_subnet.sn_pub_a",
            "aws_vpc.a4l_vpc",
            "data.aws_availability_zones.available"
          ]
        }
      ]
    },
    {
      "mode": "managed",
      "type": "aws_route_table_association",
      "name": "rta_pub_b",
      "provider": "provider[\"registry.terraform.io/hashicorp/aws\"]",
      "instances": [
        {
          "schema_version": 0,
          "attributes": {
            "gateway_id": "",
            "id": "rtbassoc-0f4f1bf0a1f9975d2",
            "route_table_id": "rtb-05488c2423e96ded1",
            "subnet_id": "subnet-09542c9c91b34f849",
            "timeouts": null
          },
          "sensitive_attributes": [],
          "private": "eyJlMmJmYjczMC1lY2FhLTExZTYtOGY4OC0zNDM2M2JjN2M0YzAiOnsiY3JlYXRlIjozMDAwMDAwMDAwMDAsImRlbGV0ZSI6MzAwMDAwMDAwMDAwLCJ1cGRhdGUiOjEyMDAwMDAwMDAwMH19",
          "dependencies": [
            "aws_route_table.rt_public",
            "aws_subnet.sn_pub_b",
            "aws_vpc.a4l_vpc",
            "data.aws_availability_zones.available"
          ]
        }
      ]
    },
    {
      "mode": "managed",
      "type": "aws_route_table_association",
      "name": "rta_pub_c",
      "provider": "provider[\"registry.terraform.io/hashicorp/aws\"]",
      "instances": [
        {
          "schema_version": 0,
          "attributes": {
            "gateway_id": "",
            "id": "rtbassoc-06930d9508cce7938",
            "route_table_id": "rtb-05488c2423e96ded1",
            "subnet_id": "subnet-0ca8c3a6d1cd30230",
            "timeouts": null
          },
          "sensitive_attributes": [],
          "private": "eyJlMmJmYjczMC1lY2FhLTExZTYtOGY4OC0zNDM2M2JjN2M0YzAiOnsiY3JlYXRlIjozMDAwMDAwMDAwMDAsImRlbGV0ZSI6MzAwMDAwMDAwMDAwLCJ1cGRhdGUiOjEyMDAwMDAwMDAwMH19",
          "dependencies": [
            "aws_route_table.rt_public",
            "aws_subnet.sn_pub_c",
            "aws_vpc.a4l_vpc",
            "data.aws_availability_zones.available"
          ]
        }
      ]
    },
    {
      "mode": "managed",
      "type": "aws_security_group",
      "name": "sg_database",
      "provider": "provider[\"registry.terraform.io/hashicorp/aws\"]",
      "instances": [
        {
          "schema_version": 1,
          "attributes": {
            "arn": "arn:aws:ec2:us-east-1:633620335195:security-group/sg-03e157056b29c796c",
            "description": "Managed by Terraform",
            "egress": [
              {
                "cidr_blocks": [
                  "0.0.0.0/0"
                ],
                "description": "",
                "from_port": 0,
                "ipv6_cidr_blocks": [],
                "prefix_list_ids": [],
                "protocol": "-1",
                "security_groups": [],
                "self": false,
                "to_port": 0
              }
            ],
            "id": "sg-03e157056b29c796c",
            "ingress": [
              {
                "cidr_blocks": [],
                "description": "Allow MySQL from WordPress instances",
                "from_port": 3306,
                "ipv6_cidr_blocks": [],
                "prefix_list_ids": [],
                "protocol": "tcp",
                "security_groups": [
                  "sg-0232a3b7b576cab3c"
                ],
                "self": false,
                "to_port": 3306
              }
            ],
            "name": "A4LVPC-SGDatabase",
            "name_prefix": "",
            "owner_id": "633620335195",
            "revoke_rules_on_delete": false,
            "tags": {
              "Name": "A4LVPC-SGDatabase"
            },
            "tags_all": {
              "Name": "A4LVPC-SGDatabase"
            },
            "timeouts": null,
            "vpc_id": "vpc-0d95c3ed7675b3afb"
          },
          "sensitive_attributes": [],
          "private": "eyJlMmJmYjczMC1lY2FhLTExZTYtOGY4OC0zNDM2M2JjN2M0YzAiOnsiY3JlYXRlIjo2MDAwMDAwMDAwMDAsImRlbGV0ZSI6OTAwMDAwMDAwMDAwfSwic2NoZW1hX3ZlcnNpb24iOiIxIn0=",
          "dependencies": [
            "aws_security_group.sg_load_balancer",
            "aws_security_group.sg_wordpress",
            "aws_vpc.a4l_vpc"
          ]
        }
      ]
    },
    {
      "mode": "managed",
      "type": "aws_security_group",
      "name": "sg_efs",
      "provider": "provider[\"registry.terraform.io/hashicorp/aws\"]",
      "instances": [
        {
          "schema_version": 1,
          "attributes": {
            "arn": "arn:aws:ec2:us-east-1:633620335195:security-group/sg-0f88feeedc1d68a9f",
            "description": "Managed by Terraform",
            "egress": [
              {
                "cidr_blocks": [
                  "0.0.0.0/0"
                ],
                "description": "",
                "from_port": 0,
                "ipv6_cidr_blocks": [],
                "prefix_list_ids": [],
                "protocol": "-1",
                "security_groups": [],
                "self": false,
                "to_port": 0
              }
            ],
            "id": "sg-0f88feeedc1d68a9f",
            "ingress": [
              {
                "cidr_blocks": [],
                "description": "Allow NFS/EFS from WordPress instances",
                "from_port": 2049,
                "ipv6_cidr_blocks": [],
                "prefix_list_ids": [],
                "protocol": "tcp",
                "security_groups": [
                  "sg-0232a3b7b576cab3c"
                ],
                "self": false,
                "to_port": 2049
              }
            ],
            "name": "A4LVPC-SGEFS",
            "name_prefix": "",
            "owner_id": "633620335195",
            "revoke_rules_on_delete": false,
            "tags": {
              "Name": "A4LVPC-SGEFS"
            },
            "tags_all": {
              "Name": "A4LVPC-SGEFS"
            },
            "timeouts": null,
            "vpc_id": "vpc-0d95c3ed7675b3afb"
          },
          "sensitive_attributes": [],
          "private": "eyJlMmJmYjczMC1lY2FhLTExZTYtOGY4OC0zNDM2M2JjN2M0YzAiOnsiY3JlYXRlIjo2MDAwMDAwMDAwMDAsImRlbGV0ZSI6OTAwMDAwMDAwMDAwfSwic2NoZW1hX3ZlcnNpb24iOiIxIn0=",
          "dependencies": [
            "aws_security_group.sg_load_balancer",
            "aws_security_group.sg_wordpress",
            "aws_vpc.a4l_vpc"
          ]
        }
      ]
    },
    {
      "mode": "managed",
      "type": "aws_security_group",
      "name": "sg_load_balancer",
      "provider": "provider[\"registry.terraform.io/hashicorp/aws\"]",
      "instances": [
        {
          "schema_version": 1,
          "attributes": {
            "arn": "arn:aws:ec2:us-east-1:633620335195:security-group/sg-0d006c5e315ceb74b",
            "description": "Managed by Terraform",
            "egress": [
              {
                "cidr_blocks": [
                  "0.0.0.0/0"
                ],
                "description": "",
                "from_port": 0,
                "ipv6_cidr_blocks": [],
                "prefix_list_ids": [],
                "protocol": "-1",
                "security_groups": [],
                "self": false,
                "to_port": 0
              }
            ],
            "id": "sg-0d006c5e315ceb74b",
            "ingress": [
              {
                "cidr_blocks": [
                  "0.0.0.0/0"
                ],
                "description": "Allow HTTP from internet",
                "from_port": 80,
                "ipv6_cidr_blocks": [],
                "prefix_list_ids": [],
                "protocol": "tcp",
                "security_groups": [],
                "self": false,
                "to_port": 80
              }
            ],
            "name": "SG-LoadBalancer",
            "name_prefix": "",
            "owner_id": "633620335195",
            "revoke_rules_on_delete": false,
            "tags": {
              "Name": "SG-LoadBalancer"
            },
            "tags_all": {
              "Name": "SG-LoadBalancer"
            },
            "timeouts": null,
            "vpc_id": "vpc-0d95c3ed7675b3afb"
          },
          "sensitive_attributes": [],
          "private": "eyJlMmJmYjczMC1lY2FhLTExZTYtOGY4OC0zNDM2M2JjN2M0YzAiOnsiY3JlYXRlIjo2MDAwMDAwMDAwMDAsImRlbGV0ZSI6OTAwMDAwMDAwMDAwfSwic2NoZW1hX3ZlcnNpb24iOiIxIn0=",
          "dependencies": [
            "aws_vpc.a4l_vpc"
          ],
          "create_before_destroy": true
        }
      ]
    },
    {
      "mode": "managed",
      "type": "aws_security_group",
      "name": "sg_wordpress",
      "provider": "provider[\"registry.terraform.io/hashicorp/aws\"]",
      "instances": [
        {
          "schema_version": 1,
          "attributes": {
            "arn": "arn:aws:ec2:us-east-1:633620335195:security-group/sg-0232a3b7b576cab3c",
            "description": "Managed by Terraform",
            "egress": [
              {
                "cidr_blocks": [
                  "0.0.0.0/0"
                ],
                "description": "",
                "from_port": 0,
                "ipv6_cidr_blocks": [],
                "prefix_list_ids": [],
                "protocol": "-1",
                "security_groups": [],
                "self": false,
                "to_port": 0
              }
            ],
            "id": "sg-0232a3b7b576cab3c",
            "ingress": [
              {
                "cidr_blocks": [],
                "description": "Allow HTTP only from ALB",
                "from_port": 80,
                "ipv6_cidr_blocks": [],
                "prefix_list_ids": [],
                "protocol": "tcp",
                "security_groups": [
                  "sg-0d006c5e315ceb74b"
                ],
                "self": false,
                "to_port": 80
              }
            ],
            "name": "SG-Wordpress",
            "name_prefix": "",
            "owner_id": "633620335195",
            "revoke_rules_on_delete": false,
            "tags": {
              "Name": "SG-Wordpress"
            },
            "tags_all": {
              "Name": "SG-Wordpress"
            },
            "timeouts": null,
            "vpc_id": "vpc-0d95c3ed7675b3afb"
          },
          "sensitive_attributes": [],
          "private": "eyJlMmJmYjczMC1lY2FhLTExZTYtOGY4OC0zNDM2M2JjN2M0YzAiOnsiY3JlYXRlIjo2MDAwMDAwMDAwMDAsImRlbGV0ZSI6OTAwMDAwMDAwMDAwfSwic2NoZW1hX3ZlcnNpb24iOiIxIn0=",
          "dependencies": [
            "aws_security_group.sg_load_balancer",
            "aws_vpc.a4l_vpc"
          ],
          "create_before_destroy": true
        }
      ]
    },
    {
      "mode": "managed",
      "type": "aws_ssm_parameter",
      "name": "alb_dns_name",
      "provider": "provider[\"registry.terraform.io/hashicorp/aws\"]",
      "instances": [
        {
          "schema_version": 0,
          "attributes": {
            "allowed_pattern": "",
            "arn": "arn:aws:ssm:us-east-1:633620335195:parameter/A4L/Wordpress/ALBDNSNAME",
            "data_type": "text",
            "description": "DNS Name of the Application Load Balancer for wordpress",
            "has_value_wo": null,
            "id": "/A4L/Wordpress/ALBDNSNAME",
            "insecure_value": null,
            "key_id": "",
            "name": "/A4L/Wordpress/ALBDNSNAME",
            "overwrite": null,
            "tags": null,
            "tags_all": {},
            "tier": "Standard",
            "type": "String",
            "value": "A4LWORDPRESSALB-882074042.us-east-1.elb.amazonaws.com",
            "value_wo": null,
            "value_wo_version": null,
            "version": 1
          },
          "sensitive_attributes": [],
          "private": "bnVsbA==",
          "dependencies": [
            "aws_lb.a4l_wordpress_alb",
            "aws_security_group.sg_load_balancer",
            "aws_subnet.sn_pub_a",
            "aws_subnet.sn_pub_b",
            "aws_subnet.sn_pub_c",
            "aws_vpc.a4l_vpc",
            "data.aws_availability_zones.available"
          ]
        }
      ]
    },
    {
      "mode": "managed",
      "type": "aws_ssm_parameter",
      "name": "db_endpoint",
      "provider": "provider[\"registry.terraform.io/hashicorp/aws\"]",
      "instances": [
        {
          "schema_version": 0,
          "attributes": {
            "allowed_pattern": "",
            "arn": "arn:aws:ssm:us-east-1:633620335195:parameter/A4L/Wordpress/DBEndpoint",
            "data_type": "text",
            "description": "Wordpress DB Endpoint Name",
            "has_value_wo": null,
            "id": "/A4L/Wordpress/DBEndpoint",
            "insecure_value": null,
            "key_id": "",
            "name": "/A4L/Wordpress/DBEndpoint",
            "overwrite": null,
            "tags": null,
            "tags_all": {},
            "tier": "Standard",
            "type": "String",
            "value": "a4lwordpress.c8f6q6cimu62.us-east-1.rds.amazonaws.com",
            "value_wo": null,
            "value_wo_version": null,
            "version": 1
          },
          "sensitive_attributes": [],
          "private": "bnVsbA==",
          "dependencies": [
            "aws_db_instance.wordpress_db",
            "aws_db_subnet_group.wordpress_db_subnet_group",
            "aws_security_group.sg_database",
            "aws_security_group.sg_load_balancer",
            "aws_security_group.sg_wordpress",
            "aws_subnet.sn_db_a",
            "aws_subnet.sn_db_b",
            "aws_subnet.sn_db_c",
            "aws_vpc.a4l_vpc",
            "data.aws_availability_zones.available"
          ]
        }
      ]
    },
    {
      "mode": "managed",
      "type": "aws_ssm_parameter",
      "name": "db_name",
      "provider": "provider[\"registry.terraform.io/hashicorp/aws\"]",
      "instances": [
        {
          "schema_version": 0,
          "attributes": {
            "allowed_pattern": "",
            "arn": "arn:aws:ssm:us-east-1:633620335195:parameter/A4L/Wordpress/DBName",
            "data_type": "text",
            "description": "Wordpress Database Name",
            "has_value_wo": null,
            "id": "/A4L/Wordpress/DBName",
            "insecure_value": null,
            "key_id": "",
            "name": "/A4L/Wordpress/DBName",
            "overwrite": null,
            "tags": null,
            "tags_all": {},
            "tier": "Standard",
            "type": "String",
            "value": "a4lwordpressdb",
            "value_wo": null,
            "value_wo_version": null,
            "version": 1
          },
          "sensitive_attributes": [],
          "private": "bnVsbA=="
        }
      ]
    },
    {
      "mode": "managed",
      "type": "aws_ssm_parameter",
      "name": "db_password",
      "provider": "provider[\"registry.terraform.io/hashicorp/aws\"]",
      "instances": [
        {
          "schema_version": 0,
          "attributes": {
            "allowed_pattern": "",
            "arn": "arn:aws:ssm:us-east-1:633620335195:parameter/A4L/Wordpress/DBPassword",
            "data_type": "text",
            "description": "Wordpress DB Password",
            "has_value_wo": null,
            "id": "/A4L/Wordpress/DBPassword",
            "insecure_value": null,
            "key_id": "alias/aws/ssm",
            "name": "/A4L/Wordpress/DBPassword",
            "overwrite": null,
            "tags": null,
            "tags_all": {},
            "tier": "Standard",
            "type": "SecureString",
            "value": "4n1m4l54L1f3",
            "value_wo": null,
            "value_wo_version": null,
            "version": 1
          },
          "sensitive_attributes": [
            [
              {
                "type": "get_attr",
                "value": "value"
              }
            ]
          ],
          "private": "bnVsbA=="
        }
      ]
    },
    {
      "mode": "managed",
      "type": "aws_ssm_parameter",
      "name": "db_user",
      "provider": "provider[\"registry.terraform.io/hashicorp/aws\"]",
      "instances": [
        {
          "schema_version": 0,
          "attributes": {
            "allowed_pattern": "",
            "arn": "arn:aws:ssm:us-east-1:633620335195:parameter/A4L/Wordpress/DBUser",
            "data_type": "text",
            "description": "Wordpress Database User",
            "has_value_wo": null,
            "id": "/A4L/Wordpress/DBUser",
            "insecure_value": null,
            "key_id": "",
            "name": "/A4L/Wordpress/DBUser",
            "overwrite": null,
            "tags": null,
            "tags_all": {},
            "tier": "Standard",
            "type": "String",
            "value": "a4lwordpressuser",
            "value_wo": null,
            "value_wo_version": null,
            "version": 1
          },
          "sensitive_attributes": [],
          "private": "bnVsbA=="
        }
      ]
    },
    {
      "mode": "managed",
      "type": "aws_ssm_parameter",
      "name": "file_system_id",
      "provider": "provider[\"registry.terraform.io/hashicorp/aws\"]",
      "instances": [
        {
          "schema_version": 0,
          "attributes": {
            "allowed_pattern": "",
            "arn": "arn:aws:ssm:us-east-1:633620335195:parameter/A4L/Wordpress/EFSFSID",
            "data_type": "text",
            "description": "File System ID for Wordpress Content (wp-content)",
            "has_value_wo": null,
            "id": "/A4L/Wordpress/EFSFSID",
            "insecure_value": null,
            "key_id": "",
            "name": "/A4L/Wordpress/EFSFSID",
            "overwrite": null,
            "tags": null,
            "tags_all": {},
            "tier": "Standard",
            "type": "String",
            "value": "fs-020a1e0f8ac49de05",
            "value_wo": null,
            "value_wo_version": null,
            "version": 1
          },
          "sensitive_attributes": [],
          "private": "bnVsbA==",
          "dependencies": [
            "aws_efs_file_system.a4l_wordpress_content"
          ]
        }
      ]
    },
    {
      "mode": "managed",
      "type": "aws_subnet",
      "name": "sn_app_a",
      "provider": "provider[\"registry.terraform.io/hashicorp/aws\"]",
      "instances": [
        {
          "schema_version": 1,
          "attributes": {
            "arn": "arn:aws:ec2:us-east-1:633620335195:subnet/subnet-0518947db42cd016c",
            "assign_ipv6_address_on_creation": false,
            "availability_zone": "us-east-1a",
            "availability_zone_id": "use1-az4",
            "cidr_block": "10.16.32.0/20",
            "customer_owned_ipv4_pool": "",
            "enable_dns64": false,
            "enable_lni_at_device_index": 0,
            "enable_resource_name_dns_a_record_on_launch": false,
            "enable_resource_name_dns_aaaa_record_on_launch": false,
            "id": "subnet-0518947db42cd016c",
            "ipv6_cidr_block": "",
            "ipv6_cidr_block_association_id": "",
            "ipv6_native": false,
            "map_customer_owned_ip_on_launch": false,
            "map_public_ip_on_launch": false,
            "outpost_arn": "",
            "owner_id": "633620335195",
            "private_dns_hostname_type_on_launch": "ip-name",
            "tags": {
              "Name": "sn-app-A"
            },
            "tags_all": {
              "Name": "sn-app-A"
            },
            "timeouts": null,
            "vpc_id": "vpc-0d95c3ed7675b3afb"
          },
          "sensitive_attributes": [],
          "private": "eyJlMmJmYjczMC1lY2FhLTExZTYtOGY4OC0zNDM2M2JjN2M0YzAiOnsiY3JlYXRlIjo2MDAwMDAwMDAwMDAsImRlbGV0ZSI6MTIwMDAwMDAwMDAwMH0sInNjaGVtYV92ZXJzaW9uIjoiMSJ9",
          "dependencies": [
            "aws_vpc.a4l_vpc",
            "data.aws_availability_zones.available"
          ]
        }
      ]
    },
    {
      "mode": "managed",
      "type": "aws_subnet",
      "name": "sn_app_b",
      "provider": "provider[\"registry.terraform.io/hashicorp/aws\"]",
      "instances": [
        {
          "schema_version": 1,
          "attributes": {
            "arn": "arn:aws:ec2:us-east-1:633620335195:subnet/subnet-0b94a51d3b380c044",
            "assign_ipv6_address_on_creation": false,
            "availability_zone": "us-east-1b",
            "availability_zone_id": "use1-az6",
            "cidr_block": "10.16.96.0/20",
            "customer_owned_ipv4_pool": "",
            "enable_dns64": false,
            "enable_lni_at_device_index": 0,
            "enable_resource_name_dns_a_record_on_launch": false,
            "enable_resource_name_dns_aaaa_record_on_launch": false,
            "id": "subnet-0b94a51d3b380c044",
            "ipv6_cidr_block": "",
            "ipv6_cidr_block_association_id": "",
            "ipv6_native": false,
            "map_customer_owned_ip_on_launch": false,
            "map_public_ip_on_launch": false,
            "outpost_arn": "",
            "owner_id": "633620335195",
            "private_dns_hostname_type_on_launch": "ip-name",
            "tags": {
              "Name": "sn-app-B"
            },
            "tags_all": {
              "Name": "sn-app-B"
            },
            "timeouts": null,
            "vpc_id": "vpc-0d95c3ed7675b3afb"
          },
          "sensitive_attributes": [],
          "private": "eyJlMmJmYjczMC1lY2FhLTExZTYtOGY4OC0zNDM2M2JjN2M0YzAiOnsiY3JlYXRlIjo2MDAwMDAwMDAwMDAsImRlbGV0ZSI6MTIwMDAwMDAwMDAwMH0sInNjaGVtYV92ZXJzaW9uIjoiMSJ9",
          "dependencies": [
            "aws_vpc.a4l_vpc",
            "data.aws_availability_zones.available"
          ]
        }
      ]
    },
    {
      "mode": "managed",
      "type": "aws_subnet",
      "name": "sn_app_c",
      "provider": "provider[\"registry.terraform.io/hashicorp/aws\"]",
      "instances": [
        {
          "schema_version": 1,
          "attributes": {
            "arn": "arn:aws:ec2:us-east-1:633620335195:subnet/subnet-0fe6271f0d49aec6b",
            "assign_ipv6_address_on_creation": false,
            "availability_zone": "us-east-1c",
            "availability_zone_id": "use1-az1",
            "cidr_block": "10.16.160.0/20",
            "customer_owned_ipv4_pool": "",
            "enable_dns64": false,
            "enable_lni_at_device_index": 0,
            "enable_resource_name_dns_a_record_on_launch": false,
            "enable_resource_name_dns_aaaa_record_on_launch": false,
            "id": "subnet-0fe6271f0d49aec6b",
            "ipv6_cidr_block": "",
            "ipv6_cidr_block_association_id": "",
            "ipv6_native": false,
            "map_customer_owned_ip_on_launch": false,
            "map_public_ip_on_launch": false,
            "outpost_arn": "",
            "owner_id": "633620335195",
            "private_dns_hostname_type_on_launch": "ip-name",
            "tags": {
              "Name": "sn-app-C"
            },
            "tags_all": {
              "Name": "sn-app-C"
            },
            "timeouts": null,
            "vpc_id": "vpc-0d95c3ed7675b3afb"
          },
          "sensitive_attributes": [],
          "private": "eyJlMmJmYjczMC1lY2FhLTExZTYtOGY4OC0zNDM2M2JjN2M0YzAiOnsiY3JlYXRlIjo2MDAwMDAwMDAwMDAsImRlbGV0ZSI6MTIwMDAwMDAwMDAwMH0sInNjaGVtYV92ZXJzaW9uIjoiMSJ9",
          "dependencies": [
            "aws_vpc.a4l_vpc",
            "data.aws_availability_zones.available"
          ]
        }
      ]
    },
    {
      "mode": "managed",
      "type": "aws_subnet",
      "name": "sn_db_a",
      "provider": "provider[\"registry.terraform.io/hashicorp/aws\"]",
      "instances": [
        {
          "schema_version": 1,
          "attributes": {
            "arn": "arn:aws:ec2:us-east-1:633620335195:subnet/subnet-0cce60dda53f6fcd5",
            "assign_ipv6_address_on_creation": false,
            "availability_zone": "us-east-1a",
            "availability_zone_id": "use1-az4",
            "cidr_block": "10.16.16.0/20",
            "customer_owned_ipv4_pool": "",
            "enable_dns64": false,
            "enable_lni_at_device_index": 0,
            "enable_resource_name_dns_a_record_on_launch": false,
            "enable_resource_name_dns_aaaa_record_on_launch": false,
            "id": "subnet-0cce60dda53f6fcd5",
            "ipv6_cidr_block": "",
            "ipv6_cidr_block_association_id": "",
            "ipv6_native": false,
            "map_customer_owned_ip_on_launch": false,
            "map_public_ip_on_launch": false,
            "outpost_arn": "",
            "owner_id": "633620335195",
            "private_dns_hostname_type_on_launch": "ip-name",
            "tags": {
              "Name": "sn-db-A"
            },
            "tags_all": {
              "Name": "sn-db-A"
            },
            "timeouts": null,
            "vpc_id": "vpc-0d95c3ed7675b3afb"
          },
          "sensitive_attributes": [],
          "private": "eyJlMmJmYjczMC1lY2FhLTExZTYtOGY4OC0zNDM2M2JjN2M0YzAiOnsiY3JlYXRlIjo2MDAwMDAwMDAwMDAsImRlbGV0ZSI6MTIwMDAwMDAwMDAwMH0sInNjaGVtYV92ZXJzaW9uIjoiMSJ9",
          "dependencies": [
            "aws_vpc.a4l_vpc",
            "data.aws_availability_zones.available"
          ]
        }
      ]
    },
    {
      "mode": "managed",
      "type": "aws_subnet",
      "name": "sn_db_b",
      "provider": "provider[\"registry.terraform.io/hashicorp/aws\"]",
      "instances": [
        {
          "schema_version": 1,
          "attributes": {
            "arn": "arn:aws:ec2:us-east-1:633620335195:subnet/subnet-0be93afb45e86917e",
            "assign_ipv6_address_on_creation": false,
            "availability_zone": "us-east-1b",
            "availability_zone_id": "use1-az6",
            "cidr_block": "10.16.80.0/20",
            "customer_owned_ipv4_pool": "",
            "enable_dns64": false,
            "enable_lni_at_device_index": 0,
            "enable_resource_name_dns_a_record_on_launch": false,
            "enable_resource_name_dns_aaaa_record_on_launch": false,
            "id": "subnet-0be93afb45e86917e",
            "ipv6_cidr_block": "",
            "ipv6_cidr_block_association_id": "",
            "ipv6_native": false,
            "map_customer_owned_ip_on_launch": false,
            "map_public_ip_on_launch": false,
            "outpost_arn": "",
            "owner_id": "633620335195",
            "private_dns_hostname_type_on_launch": "ip-name",
            "tags": {
              "Name": "sn-db-B"
            },
            "tags_all": {
              "Name": "sn-db-B"
            },
            "timeouts": null,
            "vpc_id": "vpc-0d95c3ed7675b3afb"
          },
          "sensitive_attributes": [],
          "private": "eyJlMmJmYjczMC1lY2FhLTExZTYtOGY4OC0zNDM2M2JjN2M0YzAiOnsiY3JlYXRlIjo2MDAwMDAwMDAwMDAsImRlbGV0ZSI6MTIwMDAwMDAwMDAwMH0sInNjaGVtYV92ZXJzaW9uIjoiMSJ9",
          "dependencies": [
            "aws_vpc.a4l_vpc",
            "data.aws_availability_zones.available"
          ]
        }
      ]
    },
    {
      "mode": "managed",
      "type": "aws_subnet",
      "name": "sn_db_c",
      "provider": "provider[\"registry.terraform.io/hashicorp/aws\"]",
      "instances": [
        {
          "schema_version": 1,
          "attributes": {
            "arn": "arn:aws:ec2:us-east-1:633620335195:subnet/subnet-09254fccba52bb150",
            "assign_ipv6_address_on_creation": false,
            "availability_zone": "us-east-1c",
            "availability_zone_id": "use1-az1",
            "cidr_block": "10.16.144.0/20",
            "customer_owned_ipv4_pool": "",
            "enable_dns64": false,
            "enable_lni_at_device_index": 0,
            "enable_resource_name_dns_a_record_on_launch": false,
            "enable_resource_name_dns_aaaa_record_on_launch": false,
            "id": "subnet-09254fccba52bb150",
            "ipv6_cidr_block": "",
            "ipv6_cidr_block_association_id": "",
            "ipv6_native": false,
            "map_customer_owned_ip_on_launch": false,
            "map_public_ip_on_launch": false,
            "outpost_arn": "",
            "owner_id": "633620335195",
            "private_dns_hostname_type_on_launch": "ip-name",
            "tags": {
              "Name": "sn-db-C"
            },
            "tags_all": {
              "Name": "sn-db-C"
            },
            "timeouts": null,
            "vpc_id": "vpc-0d95c3ed7675b3afb"
          },
          "sensitive_attributes": [],
          "private": "eyJlMmJmYjczMC1lY2FhLTExZTYtOGY4OC0zNDM2M2JjN2M0YzAiOnsiY3JlYXRlIjo2MDAwMDAwMDAwMDAsImRlbGV0ZSI6MTIwMDAwMDAwMDAwMH0sInNjaGVtYV92ZXJzaW9uIjoiMSJ9",
          "dependencies": [
            "aws_vpc.a4l_vpc",
            "data.aws_availability_zones.available"
          ]
        }
      ]
    },
    {
      "mode": "managed",
      "type": "aws_subnet",
      "name": "sn_pub_a",
      "provider": "provider[\"registry.terraform.io/hashicorp/aws\"]",
      "instances": [
        {
          "schema_version": 1,
          "attributes": {
            "arn": "arn:aws:ec2:us-east-1:633620335195:subnet/subnet-0f95af12edb23fef3",
            "assign_ipv6_address_on_creation": false,
            "availability_zone": "us-east-1a",
            "availability_zone_id": "use1-az4",
            "cidr_block": "10.16.0.0/20",
            "customer_owned_ipv4_pool": "",
            "enable_dns64": false,
            "enable_lni_at_device_index": 0,
            "enable_resource_name_dns_a_record_on_launch": false,
            "enable_resource_name_dns_aaaa_record_on_launch": false,
            "id": "subnet-0f95af12edb23fef3",
            "ipv6_cidr_block": "",
            "ipv6_cidr_block_association_id": "",
            "ipv6_native": false,
            "map_customer_owned_ip_on_launch": false,
            "map_public_ip_on_launch": true,
            "outpost_arn": "",
            "owner_id": "633620335195",
            "private_dns_hostname_type_on_launch": "ip-name",
            "tags": {
              "Name": "sn-pub-A"
            },
            "tags_all": {
              "Name": "sn-pub-A"
            },
            "timeouts": null,
            "vpc_id": "vpc-0d95c3ed7675b3afb"
          },
          "sensitive_attributes": [],
          "private": "eyJlMmJmYjczMC1lY2FhLTExZTYtOGY4OC0zNDM2M2JjN2M0YzAiOnsiY3JlYXRlIjo2MDAwMDAwMDAwMDAsImRlbGV0ZSI6MTIwMDAwMDAwMDAwMH0sInNjaGVtYV92ZXJzaW9uIjoiMSJ9",
          "dependencies": [
            "aws_vpc.a4l_vpc",
            "data.aws_availability_zones.available"
          ]
        }
      ]
    },
    {
      "mode": "managed",
      "type": "aws_subnet",
      "name": "sn_pub_b",
      "provider": "provider[\"registry.terraform.io/hashicorp/aws\"]",
      "instances": [
        {
          "schema_version": 1,
          "attributes": {
            "arn": "arn:aws:ec2:us-east-1:633620335195:subnet/subnet-09542c9c91b34f849",
            "assign_ipv6_address_on_creation": false,
            "availability_zone": "us-east-1b",
            "availability_zone_id": "use1-az6",
            "cidr_block": "10.16.64.0/20",
            "customer_owned_ipv4_pool": "",
            "enable_dns64": false,
            "enable_lni_at_device_index": 0,
            "enable_resource_name_dns_a_record_on_launch": false,
            "enable_resource_name_dns_aaaa_record_on_launch": false,
            "id": "subnet-09542c9c91b34f849",
            "ipv6_cidr_block": "",
            "ipv6_cidr_block_association_id": "",
            "ipv6_native": false,
            "map_customer_owned_ip_on_launch": false,
            "map_public_ip_on_launch": true,
            "outpost_arn": "",
            "owner_id": "633620335195",
            "private_dns_hostname_type_on_launch": "ip-name",
            "tags": {
              "Name": "sn-pub-B"
            },
            "tags_all": {
              "Name": "sn-pub-B"
            },
            "timeouts": null,
            "vpc_id": "vpc-0d95c3ed7675b3afb"
          },
          "sensitive_attributes": [],
          "private": "eyJlMmJmYjczMC1lY2FhLTExZTYtOGY4OC0zNDM2M2JjN2M0YzAiOnsiY3JlYXRlIjo2MDAwMDAwMDAwMDAsImRlbGV0ZSI6MTIwMDAwMDAwMDAwMH0sInNjaGVtYV92ZXJzaW9uIjoiMSJ9",
          "dependencies": [
            "aws_vpc.a4l_vpc",
            "data.aws_availability_zones.available"
          ]
        }
      ]
    },
    {
      "mode": "managed",
      "type": "aws_subnet",
      "name": "sn_pub_c",
      "provider": "provider[\"registry.terraform.io/hashicorp/aws\"]",
      "instances": [
        {
          "schema_version": 1,
          "attributes": {
            "arn": "arn:aws:ec2:us-east-1:633620335195:subnet/subnet-0ca8c3a6d1cd30230",
            "assign_ipv6_address_on_creation": false,
            "availability_zone": "us-east-1c",
            "availability_zone_id": "use1-az1",
            "cidr_block": "10.16.128.0/20",
            "customer_owned_ipv4_pool": "",
            "enable_dns64": false,
            "enable_lni_at_device_index": 0,
            "enable_resource_name_dns_a_record_on_launch": false,
            "enable_resource_name_dns_aaaa_record_on_launch": false,
            "id": "subnet-0ca8c3a6d1cd30230",
            "ipv6_cidr_block": "",
            "ipv6_cidr_block_association_id": "",
            "ipv6_native": false,
            "map_customer_owned_ip_on_launch": false,
            "map_public_ip_on_launch": true,
            "outpost_arn": "",
            "owner_id": "633620335195",
            "private_dns_hostname_type_on_launch": "ip-name",
            "tags": {
              "Name": "sn-pub-C"
            },
            "tags_all": {
              "Name": "sn-pub-C"
            },
            "timeouts": null,
            "vpc_id": "vpc-0d95c3ed7675b3afb"
          },
          "sensitive_attributes": [],
          "private": "eyJlMmJmYjczMC1lY2FhLTExZTYtOGY4OC0zNDM2M2JjN2M0YzAiOnsiY3JlYXRlIjo2MDAwMDAwMDAwMDAsImRlbGV0ZSI6MTIwMDAwMDAwMDAwMH0sInNjaGVtYV92ZXJzaW9uIjoiMSJ9",
          "dependencies": [
            "aws_vpc.a4l_vpc",
            "data.aws_availability_zones.available"
          ]
        }
      ]
    },
    {
      "mode": "managed",
      "type": "aws_vpc",
      "name": "a4l_vpc",
      "provider": "provider[\"registry.terraform.io/hashicorp/aws\"]",
      "instances": [
        {
          "schema_version": 1,
          "attributes": {
            "arn": "arn:aws:ec2:us-east-1:633620335195:vpc/vpc-0d95c3ed7675b3afb",
            "assign_generated_ipv6_cidr_block": false,
            "cidr_block": "10.16.0.0/16",
            "default_network_acl_id": "acl-024dd08c1e92f8eb0",
            "default_route_table_id": "rtb-0a1453db308952465",
            "default_security_group_id": "sg-02b700febf7332ec1",
            "dhcp_options_id": "dopt-0b49bdea05656e301",
            "enable_dns_hostnames": true,
            "enable_dns_support": true,
            "enable_network_address_usage_metrics": false,
            "id": "vpc-0d95c3ed7675b3afb",
            "instance_tenancy": "default",
            "ipv4_ipam_pool_id": null,
            "ipv4_netmask_length": null,
            "ipv6_association_id": "",
            "ipv6_cidr_block": "",
            "ipv6_cidr_block_network_border_group": "",
            "ipv6_ipam_pool_id": "",
            "ipv6_netmask_length": 0,
            "main_route_table_id": "rtb-0a1453db308952465",
            "owner_id": "633620335195",
            "tags": {
              "Name": "A4LVPC"
            },
            "tags_all": {
              "Name": "A4LVPC"
            }
          },
          "sensitive_attributes": [],
          "private": "eyJzY2hlbWFfdmVyc2lvbiI6IjEifQ==",
          "create_before_destroy": true
        }
      ]
    }
  ],
  "check_results": null
}
